
Microsoft Visual Studio Solution File, Format Version 12.00
# Visual Studio Version 17
VisualStudioVersion = 17.13.35818.85
MinimumVisualStudioVersion = 10.0.40219.1
Project("{FAE04EC0-301F-11D3-BF4B-00C04F79EFBC}") = "UI_Chat_App", "UI_Chat_App\UI_Chat_App.csproj", "{11C65097-AE78-4ABE-9A1A-0D0AA3996A1F}"
EndProject
Global
	GlobalSection(SolutionConfigurationPlatforms) = preSolution
		Debug|Any CPU = Debug|Any CPU
		Release|Any CPU = Release|Any CPU
	EndGlobalSection
	GlobalSection(ProjectConfigurationPlatforms) = postSolution
		{11C65097-AE78-4ABE-9A1A-0D0AA3996A1F}.Debug|Any CPU.ActiveCfg = Debug|Any CPU
		{11C65097-AE78-4ABE-9A1A-0D0AA3996A1F}.Debug|Any CPU.Build.0 = Debug|Any CPU
		{11C65097-AE78-4ABE-9A1A-0D0AA3996A1F}.Release|Any CPU.ActiveCfg = Release|Any CPU
		{11C65097-AE78-4ABE-9A1A-0D0AA3996A1F}.Release|Any CPU.Build.0 = Release|Any CPU
	EndGlobalSection
	GlobalSection(SolutionProperties) = preSolution
		HideSolutionNode = FALSE
	EndGlobalSection
	GlobalSection(ExtensibilityGlobals) = postSolution
		SolutionGuid = {768A09C9-7392-43A9-A10C-D5044C67955F}
	EndGlobalSection
EndGlobal
